// !$*UTF8*$!
{
	archiveVersion = 1;
	classes = {
	};
	objectVersion = 46;
	objects = {

/* Begin PBXBuildFile section */
		1ED7A7581EE1FE1000B78977 /* AppDelegate.swift in Sources */ = {isa = PBXBuildFile; fileRef = 1ED7A7571EE1FE1000B78977 /* AppDelegate.swift */; };
		1ED7A75A1EE1FE1000B78977 /* ViewController.swift in Sources */ = {isa = PBXBuildFile; fileRef = 1ED7A7591EE1FE1000B78977 /* ViewController.swift */; };
		1ED7A75D1EE1FE1000B78977 /* Main.storyboard in Resources */ = {isa = PBXBuildFile; fileRef = 1ED7A75B1EE1FE1000B78977 /* Main.storyboard */; };
		1ED7A75F1EE1FE1000B78977 /* Assets.xcassets in Resources */ = {isa = PBXBuildFile; fileRef = 1ED7A75E1EE1FE1000B78977 /* Assets.xcassets */; };
		1ED7A7621EE1FE1000B78977 /* LaunchScreen.storyboard in Resources */ = {isa = PBXBuildFile; fileRef = 1ED7A7601EE1FE1000B78977 /* LaunchScreen.storyboard */; };
		1ED7A77D1EE4862C00B78977 /* PlayerView.swift in Sources */ = {isa = PBXBuildFile; fileRef = 1ED7A77C1EE4862C00B78977 /* PlayerView.swift */; };
		1ED7A77F1EE4873800B78977 /* SimpleEditor.swift in Sources */ = {isa = PBXBuildFile; fileRef = 1ED7A77E1EE4873800B78977 /* SimpleEditor.swift */; };
		1ED7A7811EE4A1FC00B78977 /* CompositionDebugView.swift in Sources */ = {isa = PBXBuildFile; fileRef = 1ED7A7801EE4A1FC00B78977 /* CompositionDebugView.swift */; };
		1ED7A7841EE4F84200B78977 /* sample_clip1.m4v in Resources */ = {isa = PBXBuildFile; fileRef = 1ED7A7821EE4F84200B78977 /* sample_clip1.m4v */; };
		1ED7A7851EE4F84200B78977 /* sample_clip2.mov in Resources */ = {isa = PBXBuildFile; fileRef = 1ED7A7831EE4F84200B78977 /* sample_clip2.mov */; };
		1ED7A7881EE50AEF00B78977 /* AVFoundation.framework in Frameworks */ = {isa = PBXBuildFile; fileRef = 1ED7A7871EE50AEF00B78977 /* AVFoundation.framework */; };
		1ED7A78A1EE50AFD00B78977 /* CoreMedia.framework in Frameworks */ = {isa = PBXBuildFile; fileRef = 1ED7A7891EE50AFD00B78977 /* CoreMedia.framework */; };
		1ED7A78C1EE50B1100B78977 /* CoreGraphics.framework in Frameworks */ = {isa = PBXBuildFile; fileRef = 1ED7A78B1EE50B1100B78977 /* CoreGraphics.framework */; };
		1ED7A78E1EE50B6B00B78977 /* Photos.framework in Frameworks */ = {isa = PBXBuildFile; fileRef = 1ED7A78D1EE50B6B00B78977 /* Photos.framework */; };
		1ED7A7901EE50B7500B78977 /* Foundation.framework in Frameworks */ = {isa = PBXBuildFile; fileRef = 1ED7A78F1EE50B7500B78977 /* Foundation.framework */; };
/* End PBXBuildFile section */

/* Begin PBXFileReference section */
		1ED7A7541EE1FE1000B78977 /* VideoEditor.app */ = {isa = PBXFileReference; explicitFileType = wrapper.application; includeInIndex = 0; path = VideoEditor.app; sourceTree = BUILT_PRODUCTS_DIR; };
		1ED7A7571EE1FE1000B78977 /* AppDelegate.swift */ = {isa = PBXFileReference; lastKnownFileType = sourcecode.swift; path = AppDelegate.swift; sourceTree = "<group>"; };
		1ED7A7591EE1FE1000B78977 /* ViewController.swift */ = {isa = PBXFileReference; lastKnownFileType = sourcecode.swift; path = ViewController.swift; sourceTree = "<group>"; };
		1ED7A75C1EE1FE1000B78977 /* Base */ = {isa = PBXFileReference; lastKnownFileType = file.storyboard; name = Base; path = Base.lproj/Main.storyboard; sourceTree = "<group>"; };
		1ED7A75E1EE1FE1000B78977 /* Assets.xcassets */ = {isa = PBXFileReference; lastKnownFileType = folder.assetcatalog; path = Assets.xcassets; sourceTree = "<group>"; };
		1ED7A7611EE1FE1000B78977 /* Base */ = {isa = PBXFileReference; lastKnownFileType = file.storyboard; name = Base; path = Base.lproj/LaunchScreen.storyboard; sourceTree = "<group>"; };
		1ED7A7631EE1FE1000B78977 /* Info.plist */ = {isa = PBXFileReference; lastKnownFileType = text.plist.xml; path = Info.plist; sourceTree = "<group>"; };
		1ED7A77C1EE4862C00B78977 /* PlayerView.swift */ = {isa = PBXFileReference; fileEncoding = 4; lastKnownFileType = sourcecode.swift; path = PlayerView.swift; sourceTree = "<group>"; };
		1ED7A77E1EE4873800B78977 /* SimpleEditor.swift */ = {isa = PBXFileReference; fileEncoding = 4; lastKnownFileType = sourcecode.swift; path = SimpleEditor.swift; sourceTree = "<group>"; };
		1ED7A7801EE4A1FC00B78977 /* CompositionDebugView.swift */ = {isa = PBXFileReference; fileEncoding = 4; lastKnownFileType = sourcecode.swift; path = CompositionDebugView.swift; sourceTree = "<group>"; };
		1ED7A7821EE4F84200B78977 /* sample_clip1.m4v */ = {isa = PBXFileReference; lastKnownFileType = file; path = sample_clip1.m4v; sourceTree = "<group>"; };
		1ED7A7831EE4F84200B78977 /* sample_clip2.mov */ = {isa = PBXFileReference; lastKnownFileType = video.quicktime; path = sample_clip2.mov; sourceTree = "<group>"; };
		1ED7A7871EE50AEF00B78977 /* AVFoundation.framework */ = {isa = PBXFileReference; lastKnownFileType = wrapper.framework; name = AVFoundation.framework; path = System/Library/Frameworks/AVFoundation.framework; sourceTree = SDKROOT; };
		1ED7A7891EE50AFD00B78977 /* CoreMedia.framework */ = {isa = PBXFileReference; lastKnownFileType = wrapper.framework; name = CoreMedia.framework; path = System/Library/Frameworks/CoreMedia.framework; sourceTree = SDKROOT; };
		1ED7A78B1EE50B1100B78977 /* CoreGraphics.framework */ = {isa = PBXFileReference; lastKnownFileType = wrapper.framework; name = CoreGraphics.framework; path = System/Library/Frameworks/CoreGraphics.framework; sourceTree = SDKROOT; };
		1ED7A78D1EE50B6B00B78977 /* Photos.framework */ = {isa = PBXFileReference; lastKnownFileType = wrapper.framework; name = Photos.framework; path = System/Library/Frameworks/Photos.framework; sourceTree = SDKROOT; };
		1ED7A78F1EE50B7500B78977 /* Foundation.framework */ = {isa = PBXFileReference; lastKnownFileType = wrapper.framework; name = Foundation.framework; path = System/Library/Frameworks/Foundation.framework; sourceTree = SDKROOT; };
/* End PBXFileReference section */

/* Begin PBXFrameworksBuildPhase section */
		1ED7A7511EE1FE1000B78977 /* Frameworks */ = {
			isa = PBXFrameworksBuildPhase;
			buildActionMask = 2147483647;
			files = (
				1ED7A7901EE50B7500B78977 /* Foundation.framework in Frameworks */,
				1ED7A78E1EE50B6B00B78977 /* Photos.framework in Frameworks */,
				1ED7A78C1EE50B1100B78977 /* CoreGraphics.framework in Frameworks */,
				1ED7A78A1EE50AFD00B78977 /* CoreMedia.framework in Frameworks */,
				1ED7A7881EE50AEF00B78977 /* AVFoundation.framework in Frameworks */,
			);
			runOnlyForDeploymentPostprocessing = 0;
		};
/* End PBXFrameworksBuildPhase section */

/* Begin PBXGroup section */
		1ED7A74B1EE1FE1000B78977 = {
			isa = PBXGroup;
			children = (
				1ED7A7561EE1FE1000B78977 /* VideoEditor */,
				1ED7A7551EE1FE1000B78977 /* Products */,
				1ED7A7861EE50AEF00B78977 /* Frameworks */,
			);
			sourceTree = "<group>";
		};
		1ED7A7551EE1FE1000B78977 /* Products */ = {
			isa = PBXGroup;
			children = (
				1ED7A7541EE1FE1000B78977 /* VideoEditor.app */,
			);
			name = Products;
			sourceTree = "<group>";
		};
		1ED7A7561EE1FE1000B78977 /* VideoEditor */ = {
			isa = PBXGroup;
			children = (
				1ED7A7571EE1FE1000B78977 /* AppDelegate.swift */,
				1ED7A7591EE1FE1000B78977 /* ViewController.swift */,
				1ED7A75B1EE1FE1000B78977 /* Main.storyboard */,
				1ED7A75E1EE1FE1000B78977 /* Assets.xcassets */,
				1ED7A7601EE1FE1000B78977 /* LaunchScreen.storyboard */,
				1ED7A7631EE1FE1000B78977 /* Info.plist */,
				1ED7A77C1EE4862C00B78977 /* PlayerView.swift */,
				1ED7A77E1EE4873800B78977 /* SimpleEditor.swift */,
				1ED7A7801EE4A1FC00B78977 /* CompositionDebugView.swift */,
				1ED7A7821EE4F84200B78977 /* sample_clip1.m4v */,
				1ED7A7831EE4F84200B78977 /* sample_clip2.mov */,
			);
			path = VideoEditor;
			sourceTree = "<group>";
		};
		1ED7A7861EE50AEF00B78977 /* Frameworks */ = {
			isa = PBXGroup;
			children = (
				1ED7A78F1EE50B7500B78977 /* Foundation.framework */,
				1ED7A78D1EE50B6B00B78977 /* Photos.framework */,
				1ED7A78B1EE50B1100B78977 /* CoreGraphics.framework */,
				1ED7A7891EE50AFD00B78977 /* CoreMedia.framework */,
				1ED7A7871EE50AEF00B78977 /* AVFoundation.framework */,
			);
			name = Frameworks;
			sourceTree = "<group>";
		};
/* End PBXGroup section */

/* Begin PBXNativeTarget section */
		1ED7A7531EE1FE1000B78977 /* VideoEditor */ = {
			isa = PBXNativeTarget;
			buildConfigurationList = 1ED7A7661EE1FE1000B78977 /* Build configuration list for PBXNativeTarget "VideoEditor" */;
			buildPhases = (
				1ED7A7501EE1FE1000B78977 /* Sources */,
				1ED7A7511EE1FE1000B78977 /* Frameworks */,
				1ED7A7521EE1FE1000B78977 /* Resources */,
			);
			buildRules = (
			);
			dependencies = (
			);
			name = VideoEditor;
			productName = VideoEditor;
			productReference = 1ED7A7541EE1FE1000B78977 /* VideoEditor.app */;
			productType = "com.apple.product-type.application";
		};
/* End PBXNativeTarget section */

/* Begin PBXProject section */
		1ED7A74C1EE1FE1000B78977 /* Project object */ = {
			isa = PBXProject;
			attributes = {
				LastSwiftUpdateCheck = 0830;
				LastUpgradeCheck = 0830;
				ORGANIZATIONNAME = Mobdev125;
				TargetAttributes = {
					1ED7A7531EE1FE1000B78977 = {
						CreatedOnToolsVersion = 8.3.2;
						DevelopmentTeam = NX8AL2SGXY;
						ProvisioningStyle = Automatic;
					};
				};
			};
			buildConfigurationList = 1ED7A74F1EE1FE1000B78977 /* Build configuration list for PBXProject "VideoEditor" */;
			compatibilityVersion = "Xcode 3.2";
			developmentRegion = English;
			hasScannedForEncodings = 0;
			knownRegions = (
				en,
				Base,
			);
			mainGroup = 1ED7A74B1EE1FE1000B78977;
			productRefGroup = 1ED7A7551EE1FE1000B78977 /* Products */;
			projectDirPath = "";
			projectRoot = "";
			targets = (
				1ED7A7531EE1FE1000B78977 /* VideoEditor */,
			);
		};
/* End PBXProject section */

/* Begin PBXResourcesBuildPhase section */
		1ED7A7521EE1FE1000B78977 /* Resources */ = {
			isa = PBXResourcesBuildPhase;
			buildActionMask = 2147483647;
			files = (
				1ED7A7621EE1FE1000B78977 /* LaunchScreen.storyboard in Resources */,
				1ED7A75F1EE1FE1000B78977 /* Assets.xcassets in Resources */,
				1ED7A75D1EE1FE1000B78977 /* Main.storyboard in Resources */,
				1ED7A7841EE4F84200B78977 /* sample_clip1.m4v in Resources */,
				1ED7A7851EE4F84200B78977 /* sample_clip2.mov in Resources */,
			);
			runOnlyForDeploymentPostprocessing = 0;
		};
/* End PBXResourcesBuildPhase section */

/* Begin PBXSourcesBuildPhase section */
		1ED7A7501EE1FE1000B78977 /* Sources */ = {
			isa = PBXSourcesBuildPhase;
			buildActionMask = 2147483647;
			files = (
				1ED7A77D1EE4862C00B78977 /* PlayerView.swift in Sources */,
				1ED7A75A1EE1FE1000B78977 /* ViewController.swift in Sources */,
				1ED7A7811EE4A1FC00B78977 /* CompositionDebugView.swift in Sources */,
				1ED7A77F1EE4873800B78977 /* SimpleEditor.swift in Sources */,
				1ED7A7581EE1FE1000B78977 /* AppDelegate.swift in Sources */,
			);
			runOnlyForDeploymentPostprocessing = 0;
		};
/* End PBXSourcesBuildPhase section */

/* Begin PBXVariantGroup section */
		1ED7A75B1EE1FE1000B78977 /* Main.storyboard */ = {
			isa = PBXVariantGroup;
			children = (
				1ED7A75C1EE1FE1000B78977 /* Base */,
			);
			name = Main.storyboard;
			sourceTree = "<group>";
		};
		1ED7A7601EE1FE1000B78977 /* LaunchScreen.storyboard */ = {
			isa = PBXVariantGroup;
			children = (
				1ED7A7611EE1FE1000B78977 /* Base */,
			);
			name = LaunchScreen.storyboard;
			sourceTree = "<group>";
		};
/* End PBXVariantGroup section */

/* Begin XCBuildConfiguration section */
		1ED7A7641EE1FE1000B78977 /* Debug */ = {
			isa = XCBuildConfiguration;
			buildSettings = {
				ALWAYS_SEARCH_USER_PATHS = NO;
				CLANG_ANALYZER_NONNULL = YES;
				CLANG_ANALYZER_NUMBER_OBJECT_CONVERSION = YES_AGGRESSIVE;
				CLANG_CXX_LANGUAGE_STANDARD = "gnu++0x";
				CLANG_CXX_LIBRARY = "libc++";
				CLANG_ENABLE_MODULES = YES;
				CLANG_ENABLE_OBJC_ARC = YES;
				CLANG_WARN_BOOL_CONVERSION = YES;
				CLANG_WARN_CONSTANT_CONVERSION = YES;
				CLANG_WARN_DIRECT_OBJC_ISA_USAGE = YES_ERROR;
				CLANG_WARN_DOCUMENTATION_COMMENTS = YES;
				CLANG_WARN_EMPTY_BODY = YES;
				CLANG_WARN_ENUM_CONVERSION = YES;
				CLANG_WARN_INFINITE_RECURSION = YES;
				CLANG_WARN_INT_CONVERSION = YES;
				CLANG_WARN_OBJC_ROOT_CLASS = YES_ERROR;
				CLANG_WARN_SUSPICIOUS_MOVE = YES;
				CLANG_WARN_UNREACHABLE_CODE = YES;
				CLANG_WARN__DUPLICATE_METHOD_MATCH = YES;
				"CODE_SIGN_IDENTITY[sdk=iphoneos*]" = "iPhone Developer";
				COPY_PHASE_STRIP = NO;
				DEBUG_INFORMATION_FORMAT = dwarf;
				ENABLE_STRICT_OBJC_MSGSEND = YES;
				ENABLE_TESTABILITY = YES;
				GCC_C_LANGUAGE_STANDARD = gnu99;
				GCC_DYNAMIC_NO_PIC = NO;
				GCC_NO_COMMON_BLOCKS = YES;
				GCC_OPTIMIZATION_LEVEL = 0;
				GCC_PREPROCESSOR_DEFINITIONS = (
					"DEBUG=1",
					"$(inherited)",
				);
				GCC_WARN_64_TO_32_BIT_CONVERSION = YES;
				GCC_WARN_ABOUT_RETURN_TYPE = YES_ERROR;
				GCC_WARN_UNDECLARED_SELECTOR = YES;
				GCC_WARN_UNINITIALIZED_AUTOS = YES_AGGRESSIVE;
				GCC_WARN_UNUSED_FUNCTION = YES;
				GCC_WARN_UNUSED_VARIABLE = YES;
				IPHONEOS_DEPLOYMENT_TARGET = 10.3;
				MTL_ENABLE_DEBUG_INFO = YES;
				ONLY_ACTIVE_ARCH = YES;
				SDKROOT = iphoneos;
				SWIFT_ACTIVE_COMPILATION_CONDITIONS = DEBUG;
				SWIFT_OPTIMIZATION_LEVEL = "-Onone";
				TARGETED_DEVICE_FAMILY = "1,2";
			};
			name = Debug;
		};
		1ED7A7651EE1FE1000B78977 /* Release */ = {
			isa = XCBuildConfiguration;
			buildSettings = {
				ALWAYS_SEARCH_USER_PATHS = NO;
				CLANG_ANALYZER_NONNULL = YES;
				CLANG_ANALYZER_NUMBER_OBJECT_CONVERSION = YES_AGGRESSIVE;
				CLANG_CXX_LANGUAGE_STANDARD = "gnu++0x";
				CLANG_CXX_LIBRARY = "libc++";
				CLANG_ENABLE_MODULES = YES;
				CLANG_ENABLE_OBJC_ARC = YES;
				CLANG_WARN_BOOL_CONVERSION = YES;
				CLANG_WARN_CONSTANT_CONVERSION = YES;
				CLANG_WARN_DIRECT_OBJC_ISA_USAGE = YES_ERROR;
				CLANG_WARN_DOCUMENTATION_COMMENTS = YES;
				CLANG_WARN_EMPTY_BODY = YES;
				CLANG_WARN_ENUM_CONVERSION = YES;
				CLANG_WARN_INFINITE_RECURSION = YES;
				CLANG_WARN_INT_CONVERSION = YES;
				CLANG_WARN_OBJC_ROOT_CLASS = YES_ERROR;
				CLANG_WARN_SUSPICIOUS_MOVE = YES;
				CLANG_WARN_UNREACHABLE_CODE = YES;
				CLANG_WARN__DUPLICATE_METHOD_MATCH = YES;
				"CODE_SIGN_IDENTITY[sdk=iphoneos*]" = "iPhone Developer";
				COPY_PHASE_STRIP = NO;
				DEBUG_INFORMATION_FORMAT = "dwarf-with-dsym";
				ENABLE_NS_ASSERTIONS = NO;
				ENABLE_STRICT_OBJC_MSGSEND = YES;
				GCC_C_LANGUAGE_STANDARD = gnu99;
				GCC_NO_COMMON_BLOCKS = YES;
				GCC_WARN_64_TO_32_BIT_CONVERSION = YES;
				GCC_WARN_ABOUT_RETURN_TYPE = YES_ERROR;
				GCC_WARN_UNDECLARED_SELECTOR = YES;
				GCC_WARN_UNINITIALIZED_AUTOS = YES_AGGRESSIVE;
				GCC_WARN_UNUSED_FUNCTION = YES;
				GCC_WARN_UNUSED_VARIABLE = YES;
				IPHONEOS_DEPLOYMENT_TARGET = 10.3;
				MTL_ENABLE_DEBUG_INFO = NO;
				SDKROOT = iphoneos;
				SWIFT_OPTIMIZATION_LEVEL = "-Owholemodule";
				TARGETED_DEVICE_FAMILY = "1,2";
				VALIDATE_PRODUCT = YES;
			};
			name = Release;
		};
		1ED7A7671EE1FE1000B78977 /* Debug */ = {
			isa = XCBuildConfiguration;
			buildSettings = {
				ASSETCATALOG_COMPILER_APPICON_NAME = AppIcon;
				DEVELOPMENT_TEAM = NX8AL2SGXY;
				INFOPLIST_FILE = VideoEditor/Info.plist;
				LD_RUNPATH_SEARCH_PATHS = "$(inherited) @executable_path/Frameworks";
				PRODUCT_BUNDLE_IDENTIFIER = Joel.Sezzwho;
				PRODUCT_NAME = "$(TARGET_NAME)";
				SWIFT_VERSION = 3.0;
			};
			name = Debug;
		};
		1ED7A7681EE1FE1000B78977 /* Release */ = {
			isa = XCBuildConfiguration;
			buildSettings = {
				ASSETCATALOG_COMPILER_APPICON_NAME = AppIcon;
				DEVELOPMENT_TEAM = NX8AL2SGXY;
				INFOPLIST_FILE = VideoEditor/Info.plist;
				LD_RUNPATH_SEARCH_PATHS = "$(inherited) @executable_path/Frameworks";
				PRODUCT_BUNDLE_IDENTIFIER = Joel.Sezzwho;
				PRODUCT_NAME = "$(TARGET_NAME)";
				SWIFT_VERSION = 3.0;
			};
			name = Release;
		};
/* End XCBuildConfiguration section */

/* Begin XCConfigurationList section */
		1ED7A74F1EE1FE1000B78977 /* Build configuration list for PBXProject "VideoEditor" */ = {
			isa = XCConfigurationList;
			buildConfigurations = (
				1ED7A7641EE1FE1000B78977 /* Debug */,
				1ED7A7651EE1FE1000B78977 /* Release */,
			);
			defaultConfigurationIsVisible = 0;
			defaultConfigurationName = Release;
		};
		1ED7A7661EE1FE1000B78977 /* Build configuration list for PBXNativeTarget "VideoEditor" */ = {
			isa = XCConfigurationList;
			buildConfigurations = (
				1ED7A7671EE1FE1000B78977 /* Debug */,
				1ED7A7681EE1FE1000B78977 /* Release */,
			);
			defaultConfigurationIsVisible = 0;
			defaultConfigurationName = Release;
		};
/* End XCConfigurationList section */
	};
	rootObject = 1ED7A74C1EE1FE1000B78977 /* Project object */;
}
